
Microsoft Visual Studio Solution File, Format Version 12.00
# Visual Studio Version 17
VisualStudioVersion = 17.0.31912.275
MinimumVisualStudioVersion = 10.0.40219.1
Project("{00D1A9C2-B5F0-4AF3-8072-F6C62B433612}") = "Northwind", "Northwind.sqlproj", "{8EAD86AE-81E4-495B-B07A-CC3741F05459}"
EndProject
Project("{00D1A9C2-B5F0-4AF3-8072-F6C62B433612}") = "NorthwindExtended1_0", "..\NorthwindExtended\NorthwindExtended1_0.sqlproj", "{1E97C066-24BF-46A0-A7C9-BE92DA77E0E6}"
EndProject
Project("{00D1A9C2-B5F0-4AF3-8072-F6C62B433612}") = "NorthwindExtended1_1", "..\NorthwindExtended1_1\NorthwindExtended1_1.sqlproj", "{2D9E6F2B-3952-48F1-AD5F-3C0F4873E110}"
EndProject
Project("{00D1A9C2-B5F0-4AF3-8072-F6C62B433612}") = "NorthwindExtended1_3", "..\NorthwindExtended1_3\NorthwindExtended1_3.sqlproj", "{B24DAA27-8250-4ECF-AE13-457DEA9EC94E}"
EndProject
Global
	GlobalSection(SolutionConfigurationPlatforms) = preSolution
		Debug|Any CPU = Debug|Any CPU
		Release|Any CPU = Release|Any CPU
	EndGlobalSection
	GlobalSection(ProjectConfigurationPlatforms) = postSolution
		{8EAD86AE-81E4-495B-B07A-CC3741F05459}.Debug|Any CPU.ActiveCfg = Debug|Any CPU
		{8EAD86AE-81E4-495B-B07A-CC3741F05459}.Debug|Any CPU.Build.0 = Debug|Any CPU
		{8EAD86AE-81E4-495B-B07A-CC3741F05459}.Debug|Any CPU.Deploy.0 = Debug|Any CPU
		{8EAD86AE-81E4-495B-B07A-CC3741F05459}.Release|Any CPU.ActiveCfg = Release|Any CPU
		{8EAD86AE-81E4-495B-B07A-CC3741F05459}.Release|Any CPU.Build.0 = Release|Any CPU
		{8EAD86AE-81E4-495B-B07A-CC3741F05459}.Release|Any CPU.Deploy.0 = Release|Any CPU
		{1E97C066-24BF-46A0-A7C9-BE92DA77E0E6}.Debug|Any CPU.ActiveCfg = Debug|Any CPU
		{1E97C066-24BF-46A0-A7C9-BE92DA77E0E6}.Debug|Any CPU.Build.0 = Debug|Any CPU
		{1E97C066-24BF-46A0-A7C9-BE92DA77E0E6}.Debug|Any CPU.Deploy.0 = Debug|Any CPU
		{1E97C066-24BF-46A0-A7C9-BE92DA77E0E6}.Release|Any CPU.ActiveCfg = Release|Any CPU
		{1E97C066-24BF-46A0-A7C9-BE92DA77E0E6}.Release|Any CPU.Build.0 = Release|Any CPU
		{1E97C066-24BF-46A0-A7C9-BE92DA77E0E6}.Release|Any CPU.Deploy.0 = Release|Any CPU
		{2D9E6F2B-3952-48F1-AD5F-3C0F4873E110}.Debug|Any CPU.ActiveCfg = Debug|Any CPU
		{2D9E6F2B-3952-48F1-AD5F-3C0F4873E110}.Debug|Any CPU.Build.0 = Debug|Any CPU
		{2D9E6F2B-3952-48F1-AD5F-3C0F4873E110}.Debug|Any CPU.Deploy.0 = Debug|Any CPU
		{2D9E6F2B-3952-48F1-AD5F-3C0F4873E110}.Release|Any CPU.ActiveCfg = Release|Any CPU
		{2D9E6F2B-3952-48F1-AD5F-3C0F4873E110}.Release|Any CPU.Build.0 = Release|Any CPU
		{2D9E6F2B-3952-48F1-AD5F-3C0F4873E110}.Release|Any CPU.Deploy.0 = Release|Any CPU
		{B24DAA27-8250-4ECF-AE13-457DEA9EC94E}.Debug|Any CPU.ActiveCfg = Debug|Any CPU
		{B24DAA27-8250-4ECF-AE13-457DEA9EC94E}.Debug|Any CPU.Build.0 = Debug|Any CPU
		{B24DAA27-8250-4ECF-AE13-457DEA9EC94E}.Debug|Any CPU.Deploy.0 = Debug|Any CPU
		{B24DAA27-8250-4ECF-AE13-457DEA9EC94E}.Release|Any CPU.ActiveCfg = Release|Any CPU
		{B24DAA27-8250-4ECF-AE13-457DEA9EC94E}.Release|Any CPU.Build.0 = Release|Any CPU
		{B24DAA27-8250-4ECF-AE13-457DEA9EC94E}.Release|Any CPU.Deploy.0 = Release|Any CPU
	EndGlobalSection
	GlobalSection(SolutionProperties) = preSolution
		HideSolutionNode = FALSE
	EndGlobalSection
	GlobalSection(ExtensibilityGlobals) = postSolution
		SolutionGuid = {F47A5602-06B3-4C84-82A8-2E8151C8F015}
	EndGlobalSection
EndGlobal
